
Microsoft Visual Studio Solution File, Format Version 12.00
# Visual Studio 15
VisualStudioVersion = 15.0.28307.572
MinimumVisualStudioVersion = 10.0.40219.1
Project("{888888A0-9F3D-457C-B088-3A5042F75D52}") = "graphPlotting", "graphPlotting\graphPlotting.pyproj", "{AEB8D36D-5CC9-42A6-A3A3-BB48756277E8}"
EndProject
Global
	GlobalSection(SolutionConfigurationPlatforms) = preSolution
		Debug|Any CPU = Debug|Any CPU
		Release|Any CPU = Release|Any CPU
	EndGlobalSection
	GlobalSection(ProjectConfigurationPlatforms) = postSolution
		{AEB8D36D-5CC9-42A6-A3A3-BB48756277E8}.Debug|Any CPU.ActiveCfg = Debug|Any CPU
		{AEB8D36D-5CC9-42A6-A3A3-BB48756277E8}.Release|Any CPU.ActiveCfg = Release|Any CPU
	EndGlobalSection
	GlobalSection(SolutionProperties) = preSolution
		HideSolutionNode = FALSE
	EndGlobalSection
	GlobalSection(ExtensibilityGlobals) = postSolution
		SolutionGuid = {6403071F-9BBA-4B55-9F30-65E82926DBB2}
	EndGlobalSection
EndGlobal
